// !$*UTF8*$!
{
	archiveVersion = 1;
	classes = {
	};
	objectVersion = 46;
	objects = {

/* Begin PBXBuildFile section */
		1094A8CF33FF8FB539D27E2D /* LaunchScreen.storyboard in Resources */ = {isa = PBXBuildFile; fileRef = 3BD1BEA9CB6483A339AB5166 /* LaunchScreen.storyboard */; };
		345E8A5494F226A160069614 /* AppDelegate.swift in Sources */ = {isa = PBXBuildFile; fileRef = 14FF42C23CA657F178612BC8 /* AppDelegate.swift */; };
		34BEDF52240942DB89EE6491 /* FortuneServiceTests.swift in Sources */ = {isa = PBXBuildFile; fileRef = A4AA9348E15F3D81A743B992 /* FortuneServiceTests.swift */; };
		AD9D3BDE56CE33E2703E66D8 /* AdManager.swift in Sources */ = {isa = PBXBuildFile; fileRef = 85C2CD5E8C40FCD2739AC602 /* AdManager.swift */; };
		358AD7107D8E38E01B620E3E /* PremiumManager.swift in Sources */ = {isa = PBXBuildFile; fileRef = E29FEABD19C6862277D23E1C /* PremiumManager.swift */; };
		49DA421B9ADED58546BDBA6B /* PremiumManagerTests.swift in Sources */ = {isa = PBXBuildFile; fileRef = 2B1DE628C6CE124028427D3F /* PremiumManagerTests.swift */; };
		521B75D4E4BF4BE88542AA04 /* HomeViewController.swift in Sources */ = {isa = PBXBuildFile; fileRef = 733589EC2F511343010321D5 /* HomeViewController.swift */; };
		646F4A9809D2F5AA8BCE58CC /* Info.plist in Resources */ = {isa = PBXBuildFile; fileRef = 52552B86B8926CF50E8B0CD1 /* Info.plist */; };
		7B72121C16A3224B20AD8A08 /* Foundation.framework in Frameworks */ = {isa = PBXBuildFile; fileRef = 204A916A328A4EDB6D8EAA7E /* Foundation.framework */; };
		9B85ACD49FCC0821F551FACB /* SceneDelegate.swift in Sources */ = {isa = PBXBuildFile; fileRef = A5169A0D6F08ADC4DB3EF95E /* SceneDelegate.swift */; };
		9D80D6831A59A0261EB003D9 /* Foundation.framework in Frameworks */ = {isa = PBXBuildFile; fileRef = 204A916A328A4EDB6D8EAA7E /* Foundation.framework */; };
		A11811CE7EAD2BD909880FD8 /* Fortune.swift in Sources */ = {isa = PBXBuildFile; fileRef = AD1706E32E0D6F7F2C89297B /* Fortune.swift */; };
		B247D8AFEBFE4FFFE50D8CDB /* Assets.xcassets in Resources */ = {isa = PBXBuildFile; fileRef = 435F228AEBBCEE7B204BF664 /* Assets.xcassets */; };
		E12ECE3E73BEE7CE82DD36FC /* FortuneService.swift in Sources */ = {isa = PBXBuildFile; fileRef = 3A6915CC417E18AD11F9F0FC /* FortuneService.swift */; };
/* End PBXBuildFile section */

/* Begin PBXContainerItemProxy section */
		248B1ABCD83E29D1BA6AAF57 /* PBXContainerItemProxy */ = {
			isa = PBXContainerItemProxy;
			containerPortal = 4AD63297E059582648BF72E7 /* Project object */;
			proxyType = 1;
			remoteGlobalIDString = D292A8442619E8576BF1A4A0;
			remoteInfo = myfortune;
		};
/* End PBXContainerItemProxy section */

/* Begin PBXFileReference section */
		14FF42C23CA657F178612BC8 /* AppDelegate.swift */ = {isa = PBXFileReference; includeInIndex = 1; lastKnownFileType = sourcecode.swift; name = AppDelegate.swift; path = myfortune/AppDelegate.swift; sourceTree = "<group>"; };
		204A916A328A4EDB6D8EAA7E /* Foundation.framework */ = {isa = PBXFileReference; lastKnownFileType = wrapper.framework; name = Foundation.framework; path = Platforms/iPhoneOS.platform/Developer/SDKs/iPhoneOS26.0.sdk/System/Library/Frameworks/Foundation.framework; sourceTree = DEVELOPER_DIR; };
		3A6915CC417E18AD11F9F0FC /* FortuneService.swift */ = {isa = PBXFileReference; includeInIndex = 1; lastKnownFileType = sourcecode.swift; name = FortuneService.swift; path = myfortune/Services/FortuneService.swift; sourceTree = "<group>"; };
		3BD1BEA9CB6483A339AB5166 /* LaunchScreen.storyboard */ = {isa = PBXFileReference; includeInIndex = 1; lastKnownFileType = file.storyboard; name = LaunchScreen.storyboard; path = myfortune/LaunchScreen.storyboard; sourceTree = "<group>"; };
		435F228AEBBCEE7B204BF664 /* Assets.xcassets */ = {isa = PBXFileReference; includeInIndex = 1; lastKnownFileType = folder.assetcatalog; name = Assets.xcassets; path = myfortune/Assets.xcassets; sourceTree = "<group>"; };
		52552B86B8926CF50E8B0CD1 /* Info.plist */ = {isa = PBXFileReference; includeInIndex = 1; lastKnownFileType = text.plist.xml; name = Info.plist; path = myfortune/Info.plist; sourceTree = "<group>"; };
		733589EC2F511343010321D5 /* HomeViewController.swift */ = {isa = PBXFileReference; includeInIndex = 1; lastKnownFileType = sourcecode.swift; name = HomeViewController.swift; path = myfortune/Views/HomeViewController.swift; sourceTree = "<group>"; };
		8FA30DCA7BB945D4D768A301 /* myfortuneTests.xctest */ = {isa = PBXFileReference; explicitFileType = wrapper.cfbundle; includeInIndex = 0; path = myfortuneTests.xctest; sourceTree = BUILT_PRODUCTS_DIR; };
		A043BF1F1F4D3E252EA663F2 /* myfortune.app */ = {isa = PBXFileReference; explicitFileType = wrapper.application; includeInIndex = 0; path = myfortune.app; sourceTree = BUILT_PRODUCTS_DIR; };
		A4AA9348E15F3D81A743B992 /* FortuneServiceTests.swift */ = {isa = PBXFileReference; includeInIndex = 1; lastKnownFileType = sourcecode.swift; name = FortuneServiceTests.swift; path = myfortuneTests/FortuneServiceTests.swift; sourceTree = "<group>"; };
		A5169A0D6F08ADC4DB3EF95E /* SceneDelegate.swift */ = {isa = PBXFileReference; includeInIndex = 1; lastKnownFileType = sourcecode.swift; name = SceneDelegate.swift; path = myfortune/SceneDelegate.swift; sourceTree = "<group>"; };
		AD1706E32E0D6F7F2C89297B /* Fortune.swift */ = {isa = PBXFileReference; includeInIndex = 1; lastKnownFileType = sourcecode.swift; name = Fortune.swift; path = myfortune/Models/Fortune.swift; sourceTree = "<group>"; };
		85C2CD5E8C40FCD2739AC602 /* AdManager.swift */ = {isa = PBXFileReference; includeInIndex = 1; lastKnownFileType = sourcecode.swift; name = AdManager.swift; path = myfortune/Services/AdManager.swift; sourceTree = "<group>"; };
		E29FEABD19C6862277D23E1C /* PremiumManager.swift */ = {isa = PBXFileReference; includeInIndex = 1; lastKnownFileType = sourcecode.swift; name = PremiumManager.swift; path = myfortune/Services/PremiumManager.swift; sourceTree = "<group>"; };
		2B1DE628C6CE124028427D3F /* PremiumManagerTests.swift */ = {isa = PBXFileReference; includeInIndex = 1; lastKnownFileType = sourcecode.swift; name = PremiumManagerTests.swift; path = myfortuneTests/PremiumManagerTests.swift; sourceTree = "<group>"; };
/* End PBXFileReference section */

/* Begin PBXFrameworksBuildPhase section */
		122D6DA51F45CCC436A72B47 /* Frameworks */ = {
			isa = PBXFrameworksBuildPhase;
			buildActionMask = 2147483647;
			files = (
				9D80D6831A59A0261EB003D9 /* Foundation.framework in Frameworks */,
			);
			runOnlyForDeploymentPostprocessing = 0;
		};
		9A7F49D897B1ED6674F868D2 /* Frameworks */ = {
			isa = PBXFrameworksBuildPhase;
			buildActionMask = 2147483647;
			files = (
				7B72121C16A3224B20AD8A08 /* Foundation.framework in Frameworks */,
			);
			runOnlyForDeploymentPostprocessing = 0;
		};
/* End PBXFrameworksBuildPhase section */

/* Begin PBXGroup section */
		10F97F419301B691819F7838 /* iOS */ = {
			isa = PBXGroup;
			children = (
				204A916A328A4EDB6D8EAA7E /* Foundation.framework */,
			);
			name = iOS;
			sourceTree = "<group>";
		};
		34B8358F434FD4E1AC98D804 = {
			isa = PBXGroup;
			children = (
				A37AA55256EF32568C624399 /* Products */,
				616DF0D494A8E465BD287D68 /* Frameworks */,
				8C6665EF982D0BA2B26B00B9 /* myfortune */,
				741B585170FF6E6507EF05DD /* myfortuneTests */,
			);
			sourceTree = "<group>";
		};
		616DF0D494A8E465BD287D68 /* Frameworks */ = {
			isa = PBXGroup;
			children = (
				10F97F419301B691819F7838 /* iOS */,
			);
			name = Frameworks;
			sourceTree = "<group>";
		};
		71701789B8621AAA13FE8DE6 /* Products */ = {
			isa = PBXGroup;
			children = (
			);
			name = Products;
			sourceTree = "<group>";
		};
		741B585170FF6E6507EF05DD /* myfortuneTests */ = {
			isa = PBXGroup;
			children = (
				A4AA9348E15F3D81A743B992 /* FortuneServiceTests.swift */,
				2B1DE628C6CE124028427D3F /* PremiumManagerTests.swift */,
			);
			name = myfortuneTests;
			sourceTree = "<group>";
		};
		852D0A5327A6A2741434FDFD /* Views */ = {
			isa = PBXGroup;
			children = (
				733589EC2F511343010321D5 /* HomeViewController.swift */,
			);
			name = Views;
			sourceTree = "<group>";
		};
		8C6665EF982D0BA2B26B00B9 /* myfortune */ = {
			isa = PBXGroup;
			children = (
				852D0A5327A6A2741434FDFD /* Views */,
				95A4B538334769CC0B7873AF /* Models */,
				983ECE19E2B550A4CCEA58C5 /* Services */,
				14FF42C23CA657F178612BC8 /* AppDelegate.swift */,
				A5169A0D6F08ADC4DB3EF95E /* SceneDelegate.swift */,
				3BD1BEA9CB6483A339AB5166 /* LaunchScreen.storyboard */,
				435F228AEBBCEE7B204BF664 /* Assets.xcassets */,
				52552B86B8926CF50E8B0CD1 /* Info.plist */,
			);
			name = myfortune;
			sourceTree = "<group>";
		};
		95A4B538334769CC0B7873AF /* Models */ = {
			isa = PBXGroup;
			children = (
				AD1706E32E0D6F7F2C89297B /* Fortune.swift */,
			);
			name = Models;
			sourceTree = "<group>";
		};
		983ECE19E2B550A4CCEA58C5 /* Services */ = {
			isa = PBXGroup;
			children = (
				3A6915CC417E18AD11F9F0FC /* FortuneService.swift */,
				85C2CD5E8C40FCD2739AC602 /* AdManager.swift */,
				E29FEABD19C6862277D23E1C /* PremiumManager.swift */,
			);
			name = Services;
			sourceTree = "<group>";
		};
		A37AA55256EF32568C624399 /* Products */ = {
			isa = PBXGroup;
			children = (
				A043BF1F1F4D3E252EA663F2 /* myfortune.app */,
				8FA30DCA7BB945D4D768A301 /* myfortuneTests.xctest */,
			);
			name = Products;
			sourceTree = "<group>";
		};
		BAE6362A9AA3178A0998C75D /* Frameworks */ = {
			isa = PBXGroup;
			children = (
			);
			name = Frameworks;
			sourceTree = "<group>";
		};
		E35BF5FAE80E7DDD99AEB878 /*  */ = {
			isa = PBXGroup;
			children = (
				71701789B8621AAA13FE8DE6 /* Products */,
				BAE6362A9AA3178A0998C75D /* Frameworks */,
			);
			sourceTree = "<group>";
		};
/* End PBXGroup section */

/* Begin PBXNativeTarget section */
		44A33D4897E25EB1D4C57C84 /* myfortuneTests */ = {
			isa = PBXNativeTarget;
			buildConfigurationList = 0A06F4294F3C17BF0C3DDAA6 /* Build configuration list for PBXNativeTarget "myfortuneTests" */;
			buildPhases = (
				AE485F314855AC94217D813D /* Sources */,
				9A7F49D897B1ED6674F868D2 /* Frameworks */,
				D81FF5CC70A803C1AF831BE7 /* Resources */,
			);
			buildRules = (
			);
			dependencies = (
				93DDBA162A679718E6BD6217 /* PBXTargetDependency */,
			);
			name = myfortuneTests;
			productName = myfortuneTests;
			productReference = 8FA30DCA7BB945D4D768A301 /* myfortuneTests.xctest */;
			productType = "com.apple.product-type.bundle.unit-test";
		};
		D292A8442619E8576BF1A4A0 /* myfortune */ = {
			isa = PBXNativeTarget;
			buildConfigurationList = AACD9AC3AABCCDF9CF4AF763 /* Build configuration list for PBXNativeTarget "myfortune" */;
			buildPhases = (
				93C9239FE9F610730ECEC925 /* Sources */,
				122D6DA51F45CCC436A72B47 /* Frameworks */,
				899362CD0D762615E167EF2B /* Resources */,
			);
			buildRules = (
			);
			dependencies = (
			);
			name = myfortune;
			productName = myfortune;
			productReference = A043BF1F1F4D3E252EA663F2 /* myfortune.app */;
			productType = "com.apple.product-type.application";
		};
/* End PBXNativeTarget section */

/* Begin PBXProject section */
		4AD63297E059582648BF72E7 /* Project object */ = {
			isa = PBXProject;
			attributes = {
				LastSwiftUpdateCheck = 1600;
				LastUpgradeCheck = 1600;
			};
			buildConfigurationList = ED6A14B40AF328B3E40B3907 /* Build configuration list for PBXProject "myfortune" */;
			compatibilityVersion = "Xcode 3.2";
			developmentRegion = en;
			hasScannedForEncodings = 0;
			knownRegions = (
				en,
				Base,
			);
			mainGroup = 34B8358F434FD4E1AC98D804;
			minimizedProjectReferenceProxies = 0;
			preferredProjectObjectVersion = 100;
			productRefGroup = A37AA55256EF32568C624399 /* Products */;
			projectDirPath = "";
			projectRoot = "";
			targets = (
				D292A8442619E8576BF1A4A0 /* myfortune */,
				44A33D4897E25EB1D4C57C84 /* myfortuneTests */,
			);
		};
/* End PBXProject section */

/* Begin PBXResourcesBuildPhase section */
		899362CD0D762615E167EF2B /* Resources */ = {
			isa = PBXResourcesBuildPhase;
			buildActionMask = 2147483647;
			files = (
				1094A8CF33FF8FB539D27E2D /* LaunchScreen.storyboard in Resources */,
				B247D8AFEBFE4FFFE50D8CDB /* Assets.xcassets in Resources */,
				646F4A9809D2F5AA8BCE58CC /* Info.plist in Resources */,
			);
			runOnlyForDeploymentPostprocessing = 0;
		};
		D81FF5CC70A803C1AF831BE7 /* Resources */ = {
			isa = PBXResourcesBuildPhase;
			buildActionMask = 2147483647;
			files = (
			);
			runOnlyForDeploymentPostprocessing = 0;
		};
/* End PBXResourcesBuildPhase section */

/* Begin PBXSourcesBuildPhase section */
		93C9239FE9F610730ECEC925 /* Sources */ = {
			isa = PBXSourcesBuildPhase;
			buildActionMask = 2147483647;
			files = (
				345E8A5494F226A160069614 /* AppDelegate.swift in Sources */,
				9B85ACD49FCC0821F551FACB /* SceneDelegate.swift in Sources */,
				521B75D4E4BF4BE88542AA04 /* HomeViewController.swift in Sources */,
				A11811CE7EAD2BD909880FD8 /* Fortune.swift in Sources */,
				E12ECE3E73BEE7CE82DD36FC /* FortuneService.swift in Sources */,
				AD9D3BDE56CE33E2703E66D8 /* AdManager.swift in Sources */,
				358AD7107D8E38E01B620E3E /* PremiumManager.swift in Sources */,
			);
			runOnlyForDeploymentPostprocessing = 0;
		};
		AE485F314855AC94217D813D /* Sources */ = {
			isa = PBXSourcesBuildPhase;
			buildActionMask = 2147483647;
			files = (
				34BEDF52240942DB89EE6491 /* FortuneServiceTests.swift in Sources */,
				49DA421B9ADED58546BDBA6B /* PremiumManagerTests.swift in Sources */,
			);
			runOnlyForDeploymentPostprocessing = 0;
		};
/* End PBXSourcesBuildPhase section */

/* Begin PBXTargetDependency section */
		93DDBA162A679718E6BD6217 /* PBXTargetDependency */ = {
			isa = PBXTargetDependency;
			name = myfortune;
			target = D292A8442619E8576BF1A4A0 /* myfortune */;
			targetProxy = 248B1ABCD83E29D1BA6AAF57 /* PBXContainerItemProxy */;
		};
/* End PBXTargetDependency section */

/* Begin XCBuildConfiguration section */
		07107D7B1CCADC4A172AAE96 /* Debug */ = {
			isa = XCBuildConfiguration;
			buildSettings = {
				ALWAYS_SEARCH_USER_PATHS = NO;
				CLANG_ANALYZER_NONNULL = YES;
				CLANG_ANALYZER_NUMBER_OBJECT_CONVERSION = YES_AGGRESSIVE;
				CLANG_CXX_LANGUAGE_STANDARD = "gnu++14";
				CLANG_CXX_LIBRARY = "libc++";
				CLANG_ENABLE_MODULES = YES;
				CLANG_ENABLE_OBJC_ARC = YES;
				CLANG_ENABLE_OBJC_WEAK = YES;
				CLANG_WARN_BLOCK_CAPTURE_AUTORELEASING = YES;
				CLANG_WARN_BOOL_CONVERSION = YES;
				CLANG_WARN_COMMA = YES;
				CLANG_WARN_CONSTANT_CONVERSION = YES;
				CLANG_WARN_DEPRECATED_OBJC_IMPLEMENTATIONS = YES;
				CLANG_WARN_DIRECT_OBJC_ISA_USAGE = YES_ERROR;
				CLANG_WARN_DOCUMENTATION_COMMENTS = YES;
				CLANG_WARN_EMPTY_BODY = YES;
				CLANG_WARN_ENUM_CONVERSION = YES;
				CLANG_WARN_INFINITE_RECURSION = YES;
				CLANG_WARN_INT_CONVERSION = YES;
				CLANG_WARN_NON_LITERAL_NULL_CONVERSION = YES;
				CLANG_WARN_OBJC_IMPLICIT_RETAIN_SELF = YES;
				CLANG_WARN_OBJC_LITERAL_CONVERSION = YES;
				CLANG_WARN_OBJC_ROOT_CLASS = YES_ERROR;
				CLANG_WARN_QUOTED_INCLUDE_IN_FRAMEWORK_HEADER = YES;
				CLANG_WARN_RANGE_LOOP_ANALYSIS = YES;
				CLANG_WARN_STRICT_PROTOTYPES = YES;
				CLANG_WARN_SUSPICIOUS_MOVE = YES;
				CLANG_WARN_UNGUARDED_AVAILABILITY = YES_AGGRESSIVE;
				CLANG_WARN_UNREACHABLE_CODE = YES;
				CLANG_WARN__DUPLICATE_METHOD_MATCH = YES;
				COPY_PHASE_STRIP = NO;
				DEBUG_INFORMATION_FORMAT = dwarf;
				ENABLE_STRICT_OBJC_MSGSEND = YES;
				ENABLE_TESTABILITY = YES;
				GCC_C_LANGUAGE_STANDARD = gnu11;
				GCC_DYNAMIC_NO_PIC = NO;
				GCC_NO_COMMON_BLOCKS = YES;
				GCC_OPTIMIZATION_LEVEL = 0;
				GCC_PREPROCESSOR_DEFINITIONS = (
					"DEBUG=1",
					"$(inherited)",
				);
				GCC_WARN_64_TO_32_BIT_CONVERSION = YES;
				GCC_WARN_ABOUT_RETURN_TYPE = YES_ERROR;
				GCC_WARN_UNDECLARED_SELECTOR = YES;
				GCC_WARN_UNINITIALIZED_AUTOS = YES_AGGRESSIVE;
				GCC_WARN_UNUSED_FUNCTION = YES;
				GCC_WARN_UNUSED_VARIABLE = YES;
				MTL_ENABLE_DEBUG_INFO = INCLUDE_SOURCE;
				MTL_FAST_MATH = YES;
				ONLY_ACTIVE_ARCH = YES;
				PRODUCT_NAME = "$(TARGET_NAME)";
				SWIFT_ACTIVE_COMPILATION_CONDITIONS = DEBUG;
				SWIFT_OPTIMIZATION_LEVEL = "-Onone";
				SWIFT_VERSION = 5.0;
			};
			name = Debug;
		};
		49C99339840C7507AC65D402 /* Release */ = {
			isa = XCBuildConfiguration;
			buildSettings = {
				ALWAYS_SEARCH_USER_PATHS = NO;
				ASSETCATALOG_COMPILER_APPICON_NAME = AppIcon;
				ASSETCATALOG_COMPILER_GLOBAL_ACCENT_COLOR_NAME = AccentColor;
				CLANG_ENABLE_OBJC_WEAK = NO;
				CODE_SIGN_STYLE = Automatic;
				INFOPLIST_FILE = myfortune/Info.plist;
				INFOPLIST_KEY_UIApplicationDelegate = myfortune.AppDelegate;
				INFOPLIST_KEY_UIApplicationSceneManifestLaunchScreen = LaunchScreen.storyboard;
				IPHONEOS_DEPLOYMENT_TARGET = 14.0;
				LD_RUNPATH_SEARCH_PATHS = "$(inherited) @executable_path/Frameworks";
				PRODUCT_BUNDLE_IDENTIFIER = com.example.myfortune;
				SDKROOT = iphoneos;
				SUPPORTED_PLATFORMS = "iphoneos iphonesimulator";
				SWIFT_VERSION = 5.9;
				TARGETED_DEVICE_FAMILY = "1,2";
				VALIDATE_PRODUCT = YES;
			};
			name = Release;
		};
		55C7FC88EB99C51750C3550A /* Release */ = {
			isa = XCBuildConfiguration;
			buildSettings = {
				ALWAYS_SEARCH_USER_PATHS = NO;
				CLANG_ANALYZER_NONNULL = YES;
				CLANG_ANALYZER_NUMBER_OBJECT_CONVERSION = YES_AGGRESSIVE;
				CLANG_CXX_LANGUAGE_STANDARD = "gnu++14";
				CLANG_CXX_LIBRARY = "libc++";
				CLANG_ENABLE_MODULES = YES;
				CLANG_ENABLE_OBJC_ARC = YES;
				CLANG_ENABLE_OBJC_WEAK = YES;
				CLANG_WARN_BLOCK_CAPTURE_AUTORELEASING = YES;
				CLANG_WARN_BOOL_CONVERSION = YES;
				CLANG_WARN_COMMA = YES;
				CLANG_WARN_CONSTANT_CONVERSION = YES;
				CLANG_WARN_DEPRECATED_OBJC_IMPLEMENTATIONS = YES;
				CLANG_WARN_DIRECT_OBJC_ISA_USAGE = YES_ERROR;
				CLANG_WARN_DOCUMENTATION_COMMENTS = YES;
				CLANG_WARN_EMPTY_BODY = YES;
				CLANG_WARN_ENUM_CONVERSION = YES;
				CLANG_WARN_INFINITE_RECURSION = YES;
				CLANG_WARN_INT_CONVERSION = YES;
				CLANG_WARN_NON_LITERAL_NULL_CONVERSION = YES;
				CLANG_WARN_OBJC_IMPLICIT_RETAIN_SELF = YES;
				CLANG_WARN_OBJC_LITERAL_CONVERSION = YES;
				CLANG_WARN_OBJC_ROOT_CLASS = YES_ERROR;
				CLANG_WARN_QUOTED_INCLUDE_IN_FRAMEWORK_HEADER = YES;
				CLANG_WARN_RANGE_LOOP_ANALYSIS = YES;
				CLANG_WARN_STRICT_PROTOTYPES = YES;
				CLANG_WARN_SUSPICIOUS_MOVE = YES;
				CLANG_WARN_UNGUARDED_AVAILABILITY = YES_AGGRESSIVE;
				CLANG_WARN_UNREACHABLE_CODE = YES;
				CLANG_WARN__DUPLICATE_METHOD_MATCH = YES;
				COPY_PHASE_STRIP = NO;
				DEBUG_INFORMATION_FORMAT = "dwarf-with-dsym";
				ENABLE_NS_ASSERTIONS = NO;
				ENABLE_STRICT_OBJC_MSGSEND = YES;
				GCC_C_LANGUAGE_STANDARD = gnu11;
				GCC_NO_COMMON_BLOCKS = YES;
				GCC_WARN_64_TO_32_BIT_CONVERSION = YES;
				GCC_WARN_ABOUT_RETURN_TYPE = YES_ERROR;
				GCC_WARN_UNDECLARED_SELECTOR = YES;
				GCC_WARN_UNINITIALIZED_AUTOS = YES_AGGRESSIVE;
				GCC_WARN_UNUSED_FUNCTION = YES;
				GCC_WARN_UNUSED_VARIABLE = YES;
				MTL_ENABLE_DEBUG_INFO = NO;
				MTL_FAST_MATH = YES;
				PRODUCT_NAME = "$(TARGET_NAME)";
				SWIFT_COMPILATION_MODE = wholemodule;
				SWIFT_OPTIMIZATION_LEVEL = "-O";
				SWIFT_VERSION = 5.0;
			};
			name = Release;
		};
		65D261BBC71F1AB677CBC407 /* Debug */ = {
			isa = XCBuildConfiguration;
			buildSettings = {
				ALWAYS_SEARCH_USER_PATHS = NO;
				BUNDLE_LOADER = "$(TEST_HOST)";
				CLANG_ENABLE_OBJC_WEAK = NO;
				CODE_SIGN_STYLE = Automatic;
				IPHONEOS_DEPLOYMENT_TARGET = 14.0;
				LD_RUNPATH_SEARCH_PATHS = "$(inherited) @executable_path/Frameworks @loader_path/Frameworks";
				PRODUCT_BUNDLE_IDENTIFIER = com.example.myfortuneTests;
				SDKROOT = iphoneos;
				SUPPORTED_PLATFORMS = "iphoneos iphonesimulator";
				SWIFT_VERSION = 5.9;
				TARGETED_DEVICE_FAMILY = "1,2";
				TEST_HOST = "$(BUILT_PRODUCTS_DIR)/myfortune.app/myfortune";
			};
			name = Debug;
		};
		8774CADFF3D0A93034A9F227 /* Release */ = {
			isa = XCBuildConfiguration;
			buildSettings = {
				ALWAYS_SEARCH_USER_PATHS = NO;
				CLANG_ANALYZER_NONNULL = YES;
				CLANG_ANALYZER_NUMBER_OBJECT_CONVERSION = YES_AGGRESSIVE;
				CLANG_CXX_LANGUAGE_STANDARD = "gnu++14";
				CLANG_CXX_LIBRARY = "libc++";
				CLANG_ENABLE_MODULES = YES;
				CLANG_ENABLE_OBJC_ARC = YES;
				CLANG_ENABLE_OBJC_WEAK = YES;
				CLANG_WARN_BLOCK_CAPTURE_AUTORELEASING = YES;
				CLANG_WARN_BOOL_CONVERSION = YES;
				CLANG_WARN_COMMA = YES;
				CLANG_WARN_CONSTANT_CONVERSION = YES;
				CLANG_WARN_DEPRECATED_OBJC_IMPLEMENTATIONS = YES;
				CLANG_WARN_DIRECT_OBJC_ISA_USAGE = YES_ERROR;
				CLANG_WARN_DOCUMENTATION_COMMENTS = YES;
				CLANG_WARN_EMPTY_BODY = YES;
				CLANG_WARN_ENUM_CONVERSION = YES;
				CLANG_WARN_INFINITE_RECURSION = YES;
				CLANG_WARN_INT_CONVERSION = YES;
				CLANG_WARN_NON_LITERAL_NULL_CONVERSION = YES;
				CLANG_WARN_OBJC_IMPLICIT_RETAIN_SELF = YES;
				CLANG_WARN_OBJC_LITERAL_CONVERSION = YES;
				CLANG_WARN_OBJC_ROOT_CLASS = YES_ERROR;
				CLANG_WARN_QUOTED_INCLUDE_IN_FRAMEWORK_HEADER = YES;
				CLANG_WARN_RANGE_LOOP_ANALYSIS = YES;
				CLANG_WARN_STRICT_PROTOTYPES = YES;
				CLANG_WARN_SUSPICIOUS_MOVE = YES;
				CLANG_WARN_UNGUARDED_AVAILABILITY = YES_AGGRESSIVE;
				CLANG_WARN_UNREACHABLE_CODE = YES;
				CLANG_WARN__DUPLICATE_METHOD_MATCH = YES;
				COPY_PHASE_STRIP = NO;
				DEBUG_INFORMATION_FORMAT = "dwarf-with-dsym";
				ENABLE_NS_ASSERTIONS = NO;
				ENABLE_STRICT_OBJC_MSGSEND = YES;
				GCC_C_LANGUAGE_STANDARD = gnu11;
				GCC_NO_COMMON_BLOCKS = YES;
				GCC_WARN_64_TO_32_BIT_CONVERSION = YES;
				GCC_WARN_ABOUT_RETURN_TYPE = YES_ERROR;
				GCC_WARN_UNDECLARED_SELECTOR = YES;
				GCC_WARN_UNINITIALIZED_AUTOS = YES_AGGRESSIVE;
				GCC_WARN_UNUSED_FUNCTION = YES;
				GCC_WARN_UNUSED_VARIABLE = YES;
				MTL_ENABLE_DEBUG_INFO = NO;
				MTL_FAST_MATH = YES;
				PRODUCT_NAME = "$(TARGET_NAME)";
				SWIFT_COMPILATION_MODE = wholemodule;
				SWIFT_OPTIMIZATION_LEVEL = "-O";
				SWIFT_VERSION = 5.0;
			};
			name = Release;
		};
		94D5302569EE7A4017C1CCB3 /* Debug */ = {
			isa = XCBuildConfiguration;
			buildSettings = {
				ALWAYS_SEARCH_USER_PATHS = NO;
				ASSETCATALOG_COMPILER_APPICON_NAME = AppIcon;
				ASSETCATALOG_COMPILER_GLOBAL_ACCENT_COLOR_NAME = AccentColor;
				CLANG_ENABLE_OBJC_WEAK = NO;
				CODE_SIGN_STYLE = Automatic;
				INFOPLIST_FILE = myfortune/Info.plist;
				INFOPLIST_KEY_UIApplicationDelegate = myfortune.AppDelegate;
				INFOPLIST_KEY_UIApplicationSceneManifestLaunchScreen = LaunchScreen.storyboard;
				IPHONEOS_DEPLOYMENT_TARGET = 14.0;
				LD_RUNPATH_SEARCH_PATHS = "$(inherited) @executable_path/Frameworks";
				PRODUCT_BUNDLE_IDENTIFIER = com.example.myfortune;
				SDKROOT = iphoneos;
				SUPPORTED_PLATFORMS = "iphoneos iphonesimulator";
				SWIFT_VERSION = 5.9;
				TARGETED_DEVICE_FAMILY = "1,2";
			};
			name = Debug;
		};
		DEE1E9EC8631E1C60A5BCDB6 /* Debug */ = {
			isa = XCBuildConfiguration;
			buildSettings = {
				ALWAYS_SEARCH_USER_PATHS = NO;
				CLANG_ANALYZER_NONNULL = YES;
				CLANG_ANALYZER_NUMBER_OBJECT_CONVERSION = YES_AGGRESSIVE;
				CLANG_CXX_LANGUAGE_STANDARD = "gnu++14";
				CLANG_CXX_LIBRARY = "libc++";
				CLANG_ENABLE_MODULES = YES;
				CLANG_ENABLE_OBJC_ARC = YES;
				CLANG_ENABLE_OBJC_WEAK = YES;
				CLANG_WARN_BLOCK_CAPTURE_AUTORELEASING = YES;
				CLANG_WARN_BOOL_CONVERSION = YES;
				CLANG_WARN_COMMA = YES;
				CLANG_WARN_CONSTANT_CONVERSION = YES;
				CLANG_WARN_DEPRECATED_OBJC_IMPLEMENTATIONS = YES;
				CLANG_WARN_DIRECT_OBJC_ISA_USAGE = YES_ERROR;
				CLANG_WARN_DOCUMENTATION_COMMENTS = YES;
				CLANG_WARN_EMPTY_BODY = YES;
				CLANG_WARN_ENUM_CONVERSION = YES;
				CLANG_WARN_INFINITE_RECURSION = YES;
				CLANG_WARN_INT_CONVERSION = YES;
				CLANG_WARN_NON_LITERAL_NULL_CONVERSION = YES;
				CLANG_WARN_OBJC_IMPLICIT_RETAIN_SELF = YES;
				CLANG_WARN_OBJC_LITERAL_CONVERSION = YES;
				CLANG_WARN_OBJC_ROOT_CLASS = YES_ERROR;
				CLANG_WARN_QUOTED_INCLUDE_IN_FRAMEWORK_HEADER = YES;
				CLANG_WARN_RANGE_LOOP_ANALYSIS = YES;
				CLANG_WARN_STRICT_PROTOTYPES = YES;
				CLANG_WARN_SUSPICIOUS_MOVE = YES;
				CLANG_WARN_UNGUARDED_AVAILABILITY = YES_AGGRESSIVE;
				CLANG_WARN_UNREACHABLE_CODE = YES;
				CLANG_WARN__DUPLICATE_METHOD_MATCH = YES;
				COPY_PHASE_STRIP = NO;
				DEBUG_INFORMATION_FORMAT = dwarf;
				ENABLE_STRICT_OBJC_MSGSEND = YES;
				ENABLE_TESTABILITY = YES;
				GCC_C_LANGUAGE_STANDARD = gnu11;
				GCC_DYNAMIC_NO_PIC = NO;
				GCC_NO_COMMON_BLOCKS = YES;
				GCC_OPTIMIZATION_LEVEL = 0;
				GCC_PREPROCESSOR_DEFINITIONS = (
					"DEBUG=1",
					"$(inherited)",
				);
				GCC_WARN_64_TO_32_BIT_CONVERSION = YES;
				GCC_WARN_ABOUT_RETURN_TYPE = YES_ERROR;
				GCC_WARN_UNDECLARED_SELECTOR = YES;
				GCC_WARN_UNINITIALIZED_AUTOS = YES_AGGRESSIVE;
				GCC_WARN_UNUSED_FUNCTION = YES;
				GCC_WARN_UNUSED_VARIABLE = YES;
				MTL_ENABLE_DEBUG_INFO = INCLUDE_SOURCE;
				MTL_FAST_MATH = YES;
				ONLY_ACTIVE_ARCH = YES;
				PRODUCT_NAME = "$(TARGET_NAME)";
				SWIFT_ACTIVE_COMPILATION_CONDITIONS = DEBUG;
				SWIFT_OPTIMIZATION_LEVEL = "-Onone";
				SWIFT_VERSION = 5.0;
			};
			name = Debug;
		};
		FBCC57CDF1794ED497F73B13 /* Release */ = {
			isa = XCBuildConfiguration;
			buildSettings = {
				ALWAYS_SEARCH_USER_PATHS = NO;
				BUNDLE_LOADER = "$(TEST_HOST)";
				CLANG_ENABLE_OBJC_WEAK = NO;
				CODE_SIGN_STYLE = Automatic;
				IPHONEOS_DEPLOYMENT_TARGET = 14.0;
				LD_RUNPATH_SEARCH_PATHS = "$(inherited) @executable_path/Frameworks @loader_path/Frameworks";
				PRODUCT_BUNDLE_IDENTIFIER = com.example.myfortuneTests;
				SDKROOT = iphoneos;
				SUPPORTED_PLATFORMS = "iphoneos iphonesimulator";
				SWIFT_VERSION = 5.9;
				TARGETED_DEVICE_FAMILY = "1,2";
				TEST_HOST = "$(BUILT_PRODUCTS_DIR)/myfortune.app/myfortune";
				VALIDATE_PRODUCT = YES;
			};
			name = Release;
		};
/* End XCBuildConfiguration section */

/* Begin XCConfigurationList section */
		0A06F4294F3C17BF0C3DDAA6 /* Build configuration list for PBXNativeTarget "myfortuneTests" */ = {
			isa = XCConfigurationList;
			buildConfigurations = (
				FBCC57CDF1794ED497F73B13 /* Release */,
				65D261BBC71F1AB677CBC407 /* Debug */,
			);
			defaultConfigurationIsVisible = 0;
			defaultConfigurationName = Release;
		};
		2E767EC7DDCCD62DE50DA40D /* Build configuration list for <deleted target> */ = {
			isa = XCConfigurationList;
			buildConfigurations = (
				DEE1E9EC8631E1C60A5BCDB6 /* Debug */,
				55C7FC88EB99C51750C3550A /* Release */,
			);
			defaultConfigurationIsVisible = 0;
			defaultConfigurationName = Release;
		};
		AACD9AC3AABCCDF9CF4AF763 /* Build configuration list for PBXNativeTarget "myfortune" */ = {
			isa = XCConfigurationList;
			buildConfigurations = (
				49C99339840C7507AC65D402 /* Release */,
				94D5302569EE7A4017C1CCB3 /* Debug */,
			);
			defaultConfigurationIsVisible = 0;
			defaultConfigurationName = Release;
		};
		ED6A14B40AF328B3E40B3907 /* Build configuration list for PBXProject "myfortune" */ = {
			isa = XCConfigurationList;
			buildConfigurations = (
				07107D7B1CCADC4A172AAE96 /* Debug */,
				8774CADFF3D0A93034A9F227 /* Release */,
			);
			defaultConfigurationIsVisible = 0;
			defaultConfigurationName = Release;
		};
/* End XCConfigurationList section */
	};
	rootObject = 4AD63297E059582648BF72E7 /* Project object */;
}
